// !$*UTF8*$!
{
	archiveVersion = 1;
	classes = {
	};
	objectVersion = 46;
	objects = {

/* Begin PBXBuildFile section */
		003C451E1C8114E300701899 /* AppDelegate.swift in Sources */ = {isa = PBXBuildFile; fileRef = 003C451D1C8114E300701899 /* AppDelegate.swift */; };
		003C45201C8114E300701899 /* ViewController.swift in Sources */ = {isa = PBXBuildFile; fileRef = 003C451F1C8114E300701899 /* ViewController.swift */; };
		003C45231C8114E300701899 /* Main.storyboard in Resources */ = {isa = PBXBuildFile; fileRef = 003C45211C8114E300701899 /* Main.storyboard */; };
		003C45251C8114E300701899 /* Assets.xcassets in Resources */ = {isa = PBXBuildFile; fileRef = 003C45241C8114E300701899 /* Assets.xcassets */; };
		003C45281C8114E300701899 /* LaunchScreen.storyboard in Resources */ = {isa = PBXBuildFile; fileRef = 003C45261C8114E300701899 /* LaunchScreen.storyboard */; };
		003C45331C8114E300701899 /* SanFranciscoArtTests.swift in Sources */ = {isa = PBXBuildFile; fileRef = 003C45321C8114E300701899 /* SanFranciscoArtTests.swift */; };
		003C453E1C8114E400701899 /* SanFranciscoArtUITests.swift in Sources */ = {isa = PBXBuildFile; fileRef = 003C453D1C8114E400701899 /* SanFranciscoArtUITests.swift */; };
		003C454E1C811F3800701899 /* sfpublicart.json in Resources */ = {isa = PBXBuildFile; fileRef = 003C454D1C811F3800701899 /* sfpublicart.json */; };
		003C45501C8120A700701899 /* Artwork.swift in Sources */ = {isa = PBXBuildFile; fileRef = 003C454F1C8120A700701899 /* Artwork.swift */; };
		003C45521C81223C00701899 /* VCMapView.swift in Sources */ = {isa = PBXBuildFile; fileRef = 003C45511C81223C00701899 /* VCMapView.swift */; };
		003C45541C81249700701899 /* JSON.swift in Sources */ = {isa = PBXBuildFile; fileRef = 003C45531C81249700701899 /* JSON.swift */; };
/* End PBXBuildFile section */

/* Begin PBXContainerItemProxy section */
		003C452F1C8114E300701899 /* PBXContainerItemProxy */ = {
			isa = PBXContainerItemProxy;
			containerPortal = 003C45121C8114E300701899 /* Project object */;
			proxyType = 1;
			remoteGlobalIDString = 003C45191C8114E300701899;
			remoteInfo = SanFranciscoArt;
		};
		003C453A1C8114E300701899 /* PBXContainerItemProxy */ = {
			isa = PBXContainerItemProxy;
			containerPortal = 003C45121C8114E300701899 /* Project object */;
			proxyType = 1;
			remoteGlobalIDString = 003C45191C8114E300701899;
			remoteInfo = SanFranciscoArt;
		};
/* End PBXContainerItemProxy section */

/* Begin PBXFileReference section */
		003C451A1C8114E300701899 /* SanFranciscoArt.app */ = {isa = PBXFileReference; explicitFileType = wrapper.application; includeInIndex = 0; path = SanFranciscoArt.app; sourceTree = BUILT_PRODUCTS_DIR; };
		003C451D1C8114E300701899 /* AppDelegate.swift */ = {isa = PBXFileReference; lastKnownFileType = sourcecode.swift; path = AppDelegate.swift; sourceTree = "<group>"; };
		003C451F1C8114E300701899 /* ViewController.swift */ = {isa = PBXFileReference; lastKnownFileType = sourcecode.swift; path = ViewController.swift; sourceTree = "<group>"; };
		003C45221C8114E300701899 /* Base */ = {isa = PBXFileReference; lastKnownFileType = file.storyboard; name = Base; path = Base.lproj/Main.storyboard; sourceTree = "<group>"; };
		003C45241C8114E300701899 /* Assets.xcassets */ = {isa = PBXFileReference; lastKnownFileType = folder.assetcatalog; path = Assets.xcassets; sourceTree = "<group>"; };
		003C45271C8114E300701899 /* Base */ = {isa = PBXFileReference; lastKnownFileType = file.storyboard; name = Base; path = Base.lproj/LaunchScreen.storyboard; sourceTree = "<group>"; };
		003C45291C8114E300701899 /* Info.plist */ = {isa = PBXFileReference; lastKnownFileType = text.plist.xml; path = Info.plist; sourceTree = "<group>"; };
		003C452E1C8114E300701899 /* SanFranciscoArtTests.xctest */ = {isa = PBXFileReference; explicitFileType = wrapper.cfbundle; includeInIndex = 0; path = SanFranciscoArtTests.xctest; sourceTree = BUILT_PRODUCTS_DIR; };
		003C45321C8114E300701899 /* SanFranciscoArtTests.swift */ = {isa = PBXFileReference; lastKnownFileType = sourcecode.swift; path = SanFranciscoArtTests.swift; sourceTree = "<group>"; };
		003C45341C8114E300701899 /* Info.plist */ = {isa = PBXFileReference; lastKnownFileType = text.plist.xml; path = Info.plist; sourceTree = "<group>"; };
		003C45391C8114E300701899 /* SanFranciscoArtUITests.xctest */ = {isa = PBXFileReference; explicitFileType = wrapper.cfbundle; includeInIndex = 0; path = SanFranciscoArtUITests.xctest; sourceTree = BUILT_PRODUCTS_DIR; };
		003C453D1C8114E400701899 /* SanFranciscoArtUITests.swift */ = {isa = PBXFileReference; lastKnownFileType = sourcecode.swift; path = SanFranciscoArtUITests.swift; sourceTree = "<group>"; };
		003C453F1C8114E400701899 /* Info.plist */ = {isa = PBXFileReference; lastKnownFileType = text.plist.xml; path = Info.plist; sourceTree = "<group>"; };
		003C454D1C811F3800701899 /* sfpublicart.json */ = {isa = PBXFileReference; fileEncoding = 4; lastKnownFileType = text.json; path = sfpublicart.json; sourceTree = "<group>"; };
		003C454F1C8120A700701899 /* Artwork.swift */ = {isa = PBXFileReference; fileEncoding = 4; lastKnownFileType = sourcecode.swift; path = Artwork.swift; sourceTree = "<group>"; };
		003C45511C81223C00701899 /* VCMapView.swift */ = {isa = PBXFileReference; fileEncoding = 4; lastKnownFileType = sourcecode.swift; path = VCMapView.swift; sourceTree = "<group>"; };
		003C45531C81249700701899 /* JSON.swift */ = {isa = PBXFileReference; fileEncoding = 4; lastKnownFileType = sourcecode.swift; path = JSON.swift; sourceTree = "<group>"; };
/* End PBXFileReference section */

/* Begin PBXFrameworksBuildPhase section */
		003C45171C8114E300701899 /* Frameworks */ = {
			isa = PBXFrameworksBuildPhase;
			buildActionMask = 2147483647;
			files = (
			);
			runOnlyForDeploymentPostprocessing = 0;
		};
		003C452B1C8114E300701899 /* Frameworks */ = {
			isa = PBXFrameworksBuildPhase;
			buildActionMask = 2147483647;
			files = (
			);
			runOnlyForDeploymentPostprocessing = 0;
		};
		003C45361C8114E300701899 /* Frameworks */ = {
			isa = PBXFrameworksBuildPhase;
			buildActionMask = 2147483647;
			files = (
			);
			runOnlyForDeploymentPostprocessing = 0;
		};
/* End PBXFrameworksBuildPhase section */

/* Begin PBXGroup section */
		003C45111C8114E300701899 = {
			isa = PBXGroup;
			children = (
				003C454C1C811EDC00701899 /* Supporting Files */,
				003C451C1C8114E300701899 /* SanFranciscoArt */,
				003C45311C8114E300701899 /* SanFranciscoArtTests */,
				003C453C1C8114E400701899 /* SanFranciscoArtUITests */,
				003C451B1C8114E300701899 /* Products */,
			);
			sourceTree = "<group>";
		};
		003C451B1C8114E300701899 /* Products */ = {
			isa = PBXGroup;
			children = (
				003C451A1C8114E300701899 /* SanFranciscoArt.app */,
				003C452E1C8114E300701899 /* SanFranciscoArtTests.xctest */,
				003C45391C8114E300701899 /* SanFranciscoArtUITests.xctest */,
			);
			name = Products;
			sourceTree = "<group>";
		};
		003C451C1C8114E300701899 /* SanFranciscoArt */ = {
			isa = PBXGroup;
			children = (
				003C45531C81249700701899 /* JSON.swift */,
				003C454F1C8120A700701899 /* Artwork.swift */,
				003C45511C81223C00701899 /* VCMapView.swift */,
				003C451D1C8114E300701899 /* AppDelegate.swift */,
				003C451F1C8114E300701899 /* ViewController.swift */,
				003C45211C8114E300701899 /* Main.storyboard */,
				003C45241C8114E300701899 /* Assets.xcassets */,
				003C45261C8114E300701899 /* LaunchScreen.storyboard */,
				003C45291C8114E300701899 /* Info.plist */,
			);
			path = SanFranciscoArt;
			sourceTree = "<group>";
		};
		003C45311C8114E300701899 /* SanFranciscoArtTests */ = {
			isa = PBXGroup;
			children = (
				003C45321C8114E300701899 /* SanFranciscoArtTests.swift */,
				003C45341C8114E300701899 /* Info.plist */,
			);
			path = SanFranciscoArtTests;
			sourceTree = "<group>";
		};
		003C453C1C8114E400701899 /* SanFranciscoArtUITests */ = {
			isa = PBXGroup;
			children = (
				003C453D1C8114E400701899 /* SanFranciscoArtUITests.swift */,
				003C453F1C8114E400701899 /* Info.plist */,
			);
			path = SanFranciscoArtUITests;
			sourceTree = "<group>";
		};
		003C454C1C811EDC00701899 /* Supporting Files */ = {
			isa = PBXGroup;
			children = (
				003C454D1C811F3800701899 /* sfpublicart.json */,
			);
			name = "Supporting Files";
			sourceTree = "<group>";
		};
/* End PBXGroup section */

/* Begin PBXNativeTarget section */
		003C45191C8114E300701899 /* SanFranciscoArt */ = {
			isa = PBXNativeTarget;
			buildConfigurationList = 003C45421C8114E400701899 /* Build configuration list for PBXNativeTarget "SanFranciscoArt" */;
			buildPhases = (
				003C45161C8114E300701899 /* Sources */,
				003C45171C8114E300701899 /* Frameworks */,
				003C45181C8114E300701899 /* Resources */,
			);
			buildRules = (
			);
			dependencies = (
			);
			name = SanFranciscoArt;
			productName = SanFranciscoArt;
			productReference = 003C451A1C8114E300701899 /* SanFranciscoArt.app */;
			productType = "com.apple.product-type.application";
		};
		003C452D1C8114E300701899 /* SanFranciscoArtTests */ = {
			isa = PBXNativeTarget;
			buildConfigurationList = 003C45451C8114E400701899 /* Build configuration list for PBXNativeTarget "SanFranciscoArtTests" */;
			buildPhases = (
				003C452A1C8114E300701899 /* Sources */,
				003C452B1C8114E300701899 /* Frameworks */,
				003C452C1C8114E300701899 /* Resources */,
			);
			buildRules = (
			);
			dependencies = (
				003C45301C8114E300701899 /* PBXTargetDependency */,
			);
			name = SanFranciscoArtTests;
			productName = SanFranciscoArtTests;
			productReference = 003C452E1C8114E300701899 /* SanFranciscoArtTests.xctest */;
			productType = "com.apple.product-type.bundle.unit-test";
		};
		003C45381C8114E300701899 /* SanFranciscoArtUITests */ = {
			isa = PBXNativeTarget;
			buildConfigurationList = 003C45481C8114E400701899 /* Build configuration list for PBXNativeTarget "SanFranciscoArtUITests" */;
			buildPhases = (
				003C45351C8114E300701899 /* Sources */,
				003C45361C8114E300701899 /* Frameworks */,
				003C45371C8114E300701899 /* Resources */,
			);
			buildRules = (
			);
			dependencies = (
				003C453B1C8114E300701899 /* PBXTargetDependency */,
			);
			name = SanFranciscoArtUITests;
			productName = SanFranciscoArtUITests;
			productReference = 003C45391C8114E300701899 /* SanFranciscoArtUITests.xctest */;
			productType = "com.apple.product-type.bundle.ui-testing";
		};
/* End PBXNativeTarget section */

/* Begin PBXProject section */
		003C45121C8114E300701899 /* Project object */ = {
			isa = PBXProject;
			attributes = {
				LastSwiftUpdateCheck = 0720;
				LastUpgradeCheck = 0720;
				ORGANIZATIONNAME = zbrowne;
				TargetAttributes = {
					003C45191C8114E300701899 = {
						CreatedOnToolsVersion = 7.2.1;
						DevelopmentTeam = NJXXQ3AW8D;
					};
					003C452D1C8114E300701899 = {
						CreatedOnToolsVersion = 7.2.1;
						DevelopmentTeam = NJXXQ3AW8D;
						TestTargetID = 003C45191C8114E300701899;
					};
					003C45381C8114E300701899 = {
						CreatedOnToolsVersion = 7.2.1;
						DevelopmentTeam = NJXXQ3AW8D;
						TestTargetID = 003C45191C8114E300701899;
					};
				};
			};
			buildConfigurationList = 003C45151C8114E300701899 /* Build configuration list for PBXProject "SanFranciscoArt" */;
			compatibilityVersion = "Xcode 3.2";
			developmentRegion = English;
			hasScannedForEncodings = 0;
			knownRegions = (
				en,
				Base,
			);
			mainGroup = 003C45111C8114E300701899;
			productRefGroup = 003C451B1C8114E300701899 /* Products */;
			projectDirPath = "";
			projectRoot = "";
			targets = (
				003C45191C8114E300701899 /* SanFranciscoArt */,
				003C452D1C8114E300701899 /* SanFranciscoArtTests */,
				003C45381C8114E300701899 /* SanFranciscoArtUITests */,
			);
		};
/* End PBXProject section */

/* Begin PBXResourcesBuildPhase section */
		003C45181C8114E300701899 /* Resources */ = {
			isa = PBXResourcesBuildPhase;
			buildActionMask = 2147483647;
			files = (
				003C45281C8114E300701899 /* LaunchScreen.storyboard in Resources */,
				003C45251C8114E300701899 /* Assets.xcassets in Resources */,
				003C45231C8114E300701899 /* Main.storyboard in Resources */,
				003C454E1C811F3800701899 /* sfpublicart.json in Resources */,
			);
			runOnlyForDeploymentPostprocessing = 0;
		};
		003C452C1C8114E300701899 /* Resources */ = {
			isa = PBXResourcesBuildPhase;
			buildActionMask = 2147483647;
			files = (
			);
			runOnlyForDeploymentPostprocessing = 0;
		};
		003C45371C8114E300701899 /* Resources */ = {
			isa = PBXResourcesBuildPhase;
			buildActionMask = 2147483647;
			files = (
			);
			runOnlyForDeploymentPostprocessing = 0;
		};
/* End PBXResourcesBuildPhase section */

/* Begin PBXSourcesBuildPhase section */
		003C45161C8114E300701899 /* Sources */ = {
			isa = PBXSourcesBuildPhase;
			buildActionMask = 2147483647;
			files = (
				003C45521C81223C00701899 /* VCMapView.swift in Sources */,
				003C45541C81249700701899 /* JSON.swift in Sources */,
				003C45201C8114E300701899 /* ViewController.swift in Sources */,
				003C45501C8120A700701899 /* Artwork.swift in Sources */,
				003C451E1C8114E300701899 /* AppDelegate.swift in Sources */,
			);
			runOnlyForDeploymentPostprocessing = 0;
		};
		003C452A1C8114E300701899 /* Sources */ = {
			isa = PBXSourcesBuildPhase;
			buildActionMask = 2147483647;
			files = (
				003C45331C8114E300701899 /* SanFranciscoArtTests.swift in Sources */,
			);
			runOnlyForDeploymentPostprocessing = 0;
		};
		003C45351C8114E300701899 /* Sources */ = {
			isa = PBXSourcesBuildPhase;
			buildActionMask = 2147483647;
			files = (
				003C453E1C8114E400701899 /* SanFranciscoArtUITests.swift in Sources */,
			);
			runOnlyForDeploymentPostprocessing = 0;
		};
/* End PBXSourcesBuildPhase section */

/* Begin PBXTargetDependency section */
		003C45301C8114E300701899 /* PBXTargetDependency */ = {
			isa = PBXTargetDependency;
			target = 003C45191C8114E300701899 /* SanFranciscoArt */;
			targetProxy = 003C452F1C8114E300701899 /* PBXContainerItemProxy */;
		};
		003C453B1C8114E300701899 /* PBXTargetDependency */ = {
			isa = PBXTargetDependency;
			target = 003C45191C8114E300701899 /* SanFranciscoArt */;
			targetProxy = 003C453A1C8114E300701899 /* PBXContainerItemProxy */;
		};
/* End PBXTargetDependency section */

/* Begin PBXVariantGroup section */
		003C45211C8114E300701899 /* Main.storyboard */ = {
			isa = PBXVariantGroup;
			children = (
				003C45221C8114E300701899 /* Base */,
			);
			name = Main.storyboard;
			sourceTree = "<group>";
		};
		003C45261C8114E300701899 /* LaunchScreen.storyboard */ = {
			isa = PBXVariantGroup;
			children = (
				003C45271C8114E300701899 /* Base */,
			);
			name = LaunchScreen.storyboard;
			sourceTree = "<group>";
		};
/* End PBXVariantGroup section */

/* Begin XCBuildConfiguration section */
		003C45401C8114E400701899 /* Debug */ = {
			isa = XCBuildConfiguration;
			buildSettings = {
				ALWAYS_SEARCH_USER_PATHS = NO;
				CLANG_CXX_LANGUAGE_STANDARD = "gnu++0x";
				CLANG_CXX_LIBRARY = "libc++";
				CLANG_ENABLE_MODULES = YES;
				CLANG_ENABLE_OBJC_ARC = YES;
				CLANG_WARN_BOOL_CONVERSION = YES;
				CLANG_WARN_CONSTANT_CONVERSION = YES;
				CLANG_WARN_DIRECT_OBJC_ISA_USAGE = YES_ERROR;
				CLANG_WARN_EMPTY_BODY = YES;
				CLANG_WARN_ENUM_CONVERSION = YES;
				CLANG_WARN_INT_CONVERSION = YES;
				CLANG_WARN_OBJC_ROOT_CLASS = YES_ERROR;
				CLANG_WARN_UNREACHABLE_CODE = YES;
				CLANG_WARN__DUPLICATE_METHOD_MATCH = YES;
				"CODE_SIGN_IDENTITY[sdk=iphoneos*]" = "iPhone Developer";
				COPY_PHASE_STRIP = NO;
				DEBUG_INFORMATION_FORMAT = dwarf;
				ENABLE_STRICT_OBJC_MSGSEND = YES;
				ENABLE_TESTABILITY = YES;
				GCC_C_LANGUAGE_STANDARD = gnu99;
				GCC_DYNAMIC_NO_PIC = NO;
				GCC_NO_COMMON_BLOCKS = YES;
				GCC_OPTIMIZATION_LEVEL = 0;
				GCC_PREPROCESSOR_DEFINITIONS = (
					"DEBUG=1",
					"$(inherited)",
				);
				GCC_WARN_64_TO_32_BIT_CONVERSION = YES;
				GCC_WARN_ABOUT_RETURN_TYPE = YES_ERROR;
				GCC_WARN_UNDECLARED_SELECTOR = YES;
				GCC_WARN_UNINITIALIZED_AUTOS = YES_AGGRESSIVE;
				GCC_WARN_UNUSED_FUNCTION = YES;
				GCC_WARN_UNUSED_VARIABLE = YES;
				IPHONEOS_DEPLOYMENT_TARGET = 9.2;
				MTL_ENABLE_DEBUG_INFO = YES;
				ONLY_ACTIVE_ARCH = YES;
				SDKROOT = iphoneos;
				SWIFT_OPTIMIZATION_LEVEL = "-Onone";
			};
			name = Debug;
		};
		003C45411C8114E400701899 /* Release */ = {
			isa = XCBuildConfiguration;
			buildSettings = {
				ALWAYS_SEARCH_USER_PATHS = NO;
				CLANG_CXX_LANGUAGE_STANDARD = "gnu++0x";
				CLANG_CXX_LIBRARY = "libc++";
				CLANG_ENABLE_MODULES = YES;
				CLANG_ENABLE_OBJC_ARC = YES;
				CLANG_WARN_BOOL_CONVERSION = YES;
				CLANG_WARN_CONSTANT_CONVERSION = YES;
				CLANG_WARN_DIRECT_OBJC_ISA_USAGE = YES_ERROR;
				CLANG_WARN_EMPTY_BODY = YES;
				CLANG_WARN_ENUM_CONVERSION = YES;
				CLANG_WARN_INT_CONVERSION = YES;
				CLANG_WARN_OBJC_ROOT_CLASS = YES_ERROR;
				CLANG_WARN_UNREACHABLE_CODE = YES;
				CLANG_WARN__DUPLICATE_METHOD_MATCH = YES;
				"CODE_SIGN_IDENTITY[sdk=iphoneos*]" = "iPhone Developer";
				COPY_PHASE_STRIP = NO;
				DEBUG_INFORMATION_FORMAT = "dwarf-with-dsym";
				ENABLE_NS_ASSERTIONS = NO;
				ENABLE_STRICT_OBJC_MSGSEND = YES;
				GCC_C_LANGUAGE_STANDARD = gnu99;
				GCC_NO_COMMON_BLOCKS = YES;
				GCC_WARN_64_TO_32_BIT_CONVERSION = YES;
				GCC_WARN_ABOUT_RETURN_TYPE = YES_ERROR;
				GCC_WARN_UNDECLARED_SELECTOR = YES;
				GCC_WARN_UNINITIALIZED_AUTOS = YES_AGGRESSIVE;
				GCC_WARN_UNUSED_FUNCTION = YES;
				GCC_WARN_UNUSED_VARIABLE = YES;
				IPHONEOS_DEPLOYMENT_TARGET = 9.2;
				MTL_ENABLE_DEBUG_INFO = NO;
				SDKROOT = iphoneos;
				VALIDATE_PRODUCT = YES;
			};
			name = Release;
		};
		003C45431C8114E400701899 /* Debug */ = {
			isa = XCBuildConfiguration;
			buildSettings = {
				ASSETCATALOG_COMPILER_APPICON_NAME = AppIcon;
				INFOPLIST_FILE = SanFranciscoArt/Info.plist;
				LD_RUNPATH_SEARCH_PATHS = "$(inherited) @executable_path/Frameworks";
				PRODUCT_BUNDLE_IDENTIFIER = com.zbrowne.SanFranciscoArt;
				PRODUCT_NAME = "$(TARGET_NAME)";
			};
			name = Debug;
		};
		003C45441C8114E400701899 /* Release */ = {
			isa = XCBuildConfiguration;
			buildSettings = {
				ASSETCATALOG_COMPILER_APPICON_NAME = AppIcon;
				INFOPLIST_FILE = SanFranciscoArt/Info.plist;
				LD_RUNPATH_SEARCH_PATHS = "$(inherited) @executable_path/Frameworks";
				PRODUCT_BUNDLE_IDENTIFIER = com.zbrowne.SanFranciscoArt;
				PRODUCT_NAME = "$(TARGET_NAME)";
			};
			name = Release;
		};
		003C45461C8114E400701899 /* Debug */ = {
			isa = XCBuildConfiguration;
			buildSettings = {
				BUNDLE_LOADER = "$(TEST_HOST)";
				INFOPLIST_FILE = SanFranciscoArtTests/Info.plist;
				LD_RUNPATH_SEARCH_PATHS = "$(inherited) @executable_path/Frameworks @loader_path/Frameworks";
				PRODUCT_BUNDLE_IDENTIFIER = com.zbrowne.SanFranciscoArtTests;
				PRODUCT_NAME = "$(TARGET_NAME)";
				TEST_HOST = "$(BUILT_PRODUCTS_DIR)/SanFranciscoArt.app/SanFranciscoArt";
			};
			name = Debug;
		};
		003C45471C8114E400701899 /* Release */ = {
			isa = XCBuildConfiguration;
			buildSettings = {
				BUNDLE_LOADER = "$(TEST_HOST)";
				INFOPLIST_FILE = SanFranciscoArtTests/Info.plist;
				LD_RUNPATH_SEARCH_PATHS = "$(inherited) @executable_path/Frameworks @loader_path/Frameworks";
				PRODUCT_BUNDLE_IDENTIFIER = com.zbrowne.SanFranciscoArtTests;
				PRODUCT_NAME = "$(TARGET_NAME)";
				TEST_HOST = "$(BUILT_PRODUCTS_DIR)/SanFranciscoArt.app/SanFranciscoArt";
			};
			name = Release;
		};
		003C45491C8114E400701899 /* Debug */ = {
			isa = XCBuildConfiguration;
			buildSettings = {
				INFOPLIST_FILE = SanFranciscoArtUITests/Info.plist;
				LD_RUNPATH_SEARCH_PATHS = "$(inherited) @executable_path/Frameworks @loader_path/Frameworks";
				PRODUCT_BUNDLE_IDENTIFIER = com.zbrowne.SanFranciscoArtUITests;
				PRODUCT_NAME = "$(TARGET_NAME)";
				TEST_TARGET_NAME = SanFranciscoArt;
				USES_XCTRUNNER = YES;
			};
			name = Debug;
		};
		003C454A1C8114E400701899 /* Release */ = {
			isa = XCBuildConfiguration;
			buildSettings = {
				INFOPLIST_FILE = SanFranciscoArtUITests/Info.plist;
				LD_RUNPATH_SEARCH_PATHS = "$(inherited) @executable_path/Frameworks @loader_path/Frameworks";
				PRODUCT_BUNDLE_IDENTIFIER = com.zbrowne.SanFranciscoArtUITests;
				PRODUCT_NAME = "$(TARGET_NAME)";
				TEST_TARGET_NAME = SanFranciscoArt;
				USES_XCTRUNNER = YES;
			};
			name = Release;
		};
/* End XCBuildConfiguration section */

/* Begin XCConfigurationList section */
		003C45151C8114E300701899 /* Build configuration list for PBXProject "SanFranciscoArt" */ = {
			isa = XCConfigurationList;
			buildConfigurations = (
				003C45401C8114E400701899 /* Debug */,
				003C45411C8114E400701899 /* Release */,
			);
			defaultConfigurationIsVisible = 0;
			defaultConfigurationName = Release;
		};
		003C45421C8114E400701899 /* Build configuration list for PBXNativeTarget "SanFranciscoArt" */ = {
			isa = XCConfigurationList;
			buildConfigurations = (
				003C45431C8114E400701899 /* Debug */,
				003C45441C8114E400701899 /* Release */,
			);
			defaultConfigurationIsVisible = 0;
		};
		003C45451C8114E400701899 /* Build configuration list for PBXNativeTarget "SanFranciscoArtTests" */ = {
			isa = XCConfigurationList;
			buildConfigurations = (
				003C45461C8114E400701899 /* Debug */,
				003C45471C8114E400701899 /* Release */,
			);
			defaultConfigurationIsVisible = 0;
		};
		003C45481C8114E400701899 /* Build configuration list for PBXNativeTarget "SanFranciscoArtUITests" */ = {
			isa = XCConfigurationList;
			buildConfigurations = (
				003C45491C8114E400701899 /* Debug */,
				003C454A1C8114E400701899 /* Release */,
			);
			defaultConfigurationIsVisible = 0;
		};
/* End XCConfigurationList section */
	};
	rootObject = 003C45121C8114E300701899 /* Project object */;
}
